
Microsoft Visual Studio Solution File, Format Version 10.00
# Visual Studio 2008
Project("{2150E333-8FDC-42A3-9474-1A3956D46DE8}") = "DAL", "DAL", "{45CCDB5F-A516-47B3-8FB7-CF452C143F83}"
EndProject
Project("{2150E333-8FDC-42A3-9474-1A3956D46DE8}") = "BLL", "BLL", "{2F2B73FB-0F4E-4BA9-BEA3-63276253C445}"
EndProject
Project("{2150E333-8FDC-42A3-9474-1A3956D46DE8}") = "ServiceLayer", "ServiceLayer", "{6E16B9C5-7974-439D-B0A4-FD5459D93C03}"
EndProject
Project("{2150E333-8FDC-42A3-9474-1A3956D46DE8}") = "Client", "Client", "{389229A9-42DA-4D93-BCFE-60ACBB0A3CA7}"
EndProject
Project("{2150E333-8FDC-42A3-9474-1A3956D46DE8}") = "Entities", "Entities", "{47008EAE-0C79-440A-9CBD-DA01C493C26A}"
EndProject
Project("{2150E333-8FDC-42A3-9474-1A3956D46DE8}") = "Contracts", "Contracts", "{482E17C0-2848-4BB6-96BC-0859ACF4AEBE}"
EndProject
Project("{FAE04EC0-301F-11D3-BF4B-00C04F79EFBC}") = "Contracts.Publication", "Contracts\Publication.ServiceContracts\Contracts.Publication.csproj", "{66F6C287-68F4-4540-9D2A-50B658CFEB53}"
EndProject
Project("{FAE04EC0-301F-11D3-BF4B-00C04F79EFBC}") = "Contracts.MediaService", "Contracts\MediaService.ServiceContracts\Contracts.MediaService.csproj", "{0B3276DC-B415-488F-BD4C-DE6C351CAB55}"
EndProject
Project("{FAE04EC0-301F-11D3-BF4B-00C04F79EFBC}") = "Contracts.DistributionHub", "Contracts\DistributionHub.ServiceContracts\Contracts.DistributionHub.csproj", "{5DB9EC02-2262-4234-8714-F0B85A23EF6E}"
EndProject
Project("{FAE04EC0-301F-11D3-BF4B-00C04F79EFBC}") = "BLL.Manager.Publication", "BLL\Publication.PublicationManager\BLL.Manager.Publication.csproj", "{ED5DC266-2558-4530-AFDB-EFEBE89B2A31}"
EndProject
Project("{FAE04EC0-301F-11D3-BF4B-00C04F79EFBC}") = "ServiceLayer.Publication", "Servicelayer\Servicelayer.PublicationServicelayer\ServiceLayer.Publication.csproj", "{FFBE40D7-B475-4297-A037-01F99F05DF17}"
EndProject
Project("{FAE04EC0-301F-11D3-BF4B-00C04F79EFBC}") = "Entities.Publication", "Entities\Publication.PublicationEntities\Entities.Publication.csproj", "{6D342FEC-9021-49CF-9F06-C03D7B1BD445}"
EndProject
Project("{FAE04EC0-301F-11D3-BF4B-00C04F79EFBC}") = "DAL.PublicationDAL", "DAL\Publication.PublicationDAL\DAL.PublicationDAL.csproj", "{9D157E78-86FF-447A-B112-C28A02A5BCC5}"
EndProject
Project("{FAE04EC0-301F-11D3-BF4B-00C04F79EFBC}") = "DAL.Utilities", "DAL\DAL.Utilities\DAL.Utilities.csproj", "{BBE46BA5-5703-49E5-ABCE-6B3D3A4D993C}"
EndProject
Project("{2150E333-8FDC-42A3-9474-1A3956D46DE8}") = "Proxies", "Proxies", "{EDF5C37E-659C-4041-B36E-442138CFADE1}"
EndProject
Project("{FAE04EC0-301F-11D3-BF4B-00C04F79EFBC}") = "Proxies.DistributionHub", "Proxies\Proxies.DistributionHub\Proxies.DistributionHub.csproj", "{C66C9531-EAA2-4A87-BDC6-9CD5D0D90B4B}"
EndProject
Project("{2150E333-8FDC-42A3-9474-1A3956D46DE8}") = "Documentation", "Documentation", "{5B29DCB5-9597-45DA-ABC4-090A9683C4E9}"
	ProjectSection(SolutionItems) = preProject
		Documentation\ArchitectureReport.docx = Documentation\ArchitectureReport.docx
	EndProjectSection
EndProject
Project("{2150E333-8FDC-42A3-9474-1A3956D46DE8}") = "Hosts", "Hosts", "{024AB7BE-B215-4C48-AAAF-218D5F67639C}"
EndProject
Project("{FAE04EC0-301F-11D3-BF4B-00C04F79EFBC}") = "Host.DistributionHub", "Hosts\Host.DistributionHub\Host.DistributionHub.csproj", "{BCE985C3-8B51-49D3-97A3-EED04CD56B79}"
EndProject
Project("{FAE04EC0-301F-11D3-BF4B-00C04F79EFBC}") = "Host.Publication", "Hosts\Host.Publication\Host.Publication.csproj", "{270D7E05-D00D-4C33-87F0-3ACD125BA835}"
EndProject
Project("{FAE04EC0-301F-11D3-BF4B-00C04F79EFBC}") = "Host.MediaStore", "Hosts\Host.MediaStore\Host.MediaStore.csproj", "{57DC3BCB-3E93-479D-925C-61370211684E}"
EndProject
Project("{FAE04EC0-301F-11D3-BF4B-00C04F79EFBC}") = "ServiceLayer.DistributionHub", "ServiceLayer\ServiceLayer.DistributionHub\ServiceLayer.DistributionHub.csproj", "{E75847D5-194B-4333-ABC9-C38913DE85CB}"
EndProject
Project("{FAE04EC0-301F-11D3-BF4B-00C04F79EFBC}") = "BLL.Manager.DistributionHub", "BLL\BLL.Manager.DistributionHub\BLL.Manager.DistributionHub.csproj", "{CB1FF454-21E4-40B2-BCB2-A2313B23AC18}"
EndProject
Project("{FAE04EC0-301F-11D3-BF4B-00C04F79EFBC}") = "Proxies.MediaService", "Proxies\Proxies.MediaService\Proxies.MediaService.csproj", "{49105D39-8989-4261-821D-21433CD7DD7C}"
EndProject
Project("{FAE04EC0-301F-11D3-BF4B-00C04F79EFBC}") = "ServiceLayer.MediaStore", "ServiceLayer\ServiceLayer.MediaStore\ServiceLayer.MediaStore.csproj", "{9EE4D4E5-07DC-4342-AA93-F9E36E141463}"
EndProject
Project("{FAE04EC0-301F-11D3-BF4B-00C04F79EFBC}") = "Proxies.PublicationService", "Proxies\Proxies.PublicationService\Proxies.PublicationService.csproj", "{18703FC9-BF9D-4D8B-B749-6BDC4D88E7BB}"
EndProject
Project("{FAE04EC0-301F-11D3-BF4B-00C04F79EFBC}") = "ClientApplication", "Client\ClientApplication\ClientApplication.csproj", "{8DF1AFB7-0C07-44F9-AFF8-62F605459014}"
EndProject
Project("{FAE04EC0-301F-11D3-BF4B-00C04F79EFBC}") = "BLL.Publication", "BLL\BLL.Publication\BLL.Publication.csproj", "{B41DA851-0117-4248-8D92-E52006E8B8C5}"
EndProject
Project("{FAE04EC0-301F-11D3-BF4B-00C04F79EFBC}") = "BLL.DistributionHub", "BLL\BLL.DistributionHub\BLL.DistributionHub.csproj", "{3DBF0A2C-5F86-46BA-9A6F-7441BBEC99D6}"
EndProject
Project("{2150E333-8FDC-42A3-9474-1A3956D46DE8}") = "Common", "Common", "{A95BF4B0-BB94-4679-98E3-8D8C8D1C0DA4}"
EndProject
Project("{FAE04EC0-301F-11D3-BF4B-00C04F79EFBC}") = "HelperClasses", "Common\HelperClasses.csproj", "{DFB60FD5-A863-47C0-8B2F-E221D9732F55}"
EndProject
Project("{FAE04EC0-301F-11D3-BF4B-00C04F79EFBC}") = "BLL.Manager.MediaService", "BLL\BLL.Manager.MediaService\BLL.Manager.MediaService.csproj", "{07F62B73-6527-4951-9B5E-A5AD99E197D4}"
EndProject
Project("{FAE04EC0-301F-11D3-BF4B-00C04F79EFBC}") = "BLL.MediaService", "BLL\BLL.MediaService\BLL.MediaService.csproj", "{9B18AC7D-BF8F-45A3-904B-DE58D4AF99FC}"
EndProject
Project("{FAE04EC0-301F-11D3-BF4B-00C04F79EFBC}") = "ServiceModelEx", "ServiceModelEx\ServiceModelEx.csproj", "{0858C710-AF53-4049-B98E-CFE3638D1228}"
EndProject
Global
	GlobalSection(SolutionConfigurationPlatforms) = preSolution
		Debug|Any CPU = Debug|Any CPU
		Design|Any CPU = Design|Any CPU
		Release|Any CPU = Release|Any CPU
	EndGlobalSection
	GlobalSection(ProjectConfigurationPlatforms) = postSolution
		{66F6C287-68F4-4540-9D2A-50B658CFEB53}.Debug|Any CPU.ActiveCfg = Debug|Any CPU
		{66F6C287-68F4-4540-9D2A-50B658CFEB53}.Debug|Any CPU.Build.0 = Debug|Any CPU
		{66F6C287-68F4-4540-9D2A-50B658CFEB53}.Design|Any CPU.ActiveCfg = Debug|Any CPU
		{66F6C287-68F4-4540-9D2A-50B658CFEB53}.Design|Any CPU.Build.0 = Debug|Any CPU
		{66F6C287-68F4-4540-9D2A-50B658CFEB53}.Release|Any CPU.ActiveCfg = Release|Any CPU
		{66F6C287-68F4-4540-9D2A-50B658CFEB53}.Release|Any CPU.Build.0 = Release|Any CPU
		{0B3276DC-B415-488F-BD4C-DE6C351CAB55}.Debug|Any CPU.ActiveCfg = Debug|Any CPU
		{0B3276DC-B415-488F-BD4C-DE6C351CAB55}.Debug|Any CPU.Build.0 = Debug|Any CPU
		{0B3276DC-B415-488F-BD4C-DE6C351CAB55}.Design|Any CPU.ActiveCfg = Debug|Any CPU
		{0B3276DC-B415-488F-BD4C-DE6C351CAB55}.Design|Any CPU.Build.0 = Debug|Any CPU
		{0B3276DC-B415-488F-BD4C-DE6C351CAB55}.Release|Any CPU.ActiveCfg = Release|Any CPU
		{0B3276DC-B415-488F-BD4C-DE6C351CAB55}.Release|Any CPU.Build.0 = Release|Any CPU
		{5DB9EC02-2262-4234-8714-F0B85A23EF6E}.Debug|Any CPU.ActiveCfg = Debug|Any CPU
		{5DB9EC02-2262-4234-8714-F0B85A23EF6E}.Debug|Any CPU.Build.0 = Debug|Any CPU
		{5DB9EC02-2262-4234-8714-F0B85A23EF6E}.Design|Any CPU.ActiveCfg = Debug|Any CPU
		{5DB9EC02-2262-4234-8714-F0B85A23EF6E}.Design|Any CPU.Build.0 = Debug|Any CPU
		{5DB9EC02-2262-4234-8714-F0B85A23EF6E}.Release|Any CPU.ActiveCfg = Release|Any CPU
		{5DB9EC02-2262-4234-8714-F0B85A23EF6E}.Release|Any CPU.Build.0 = Release|Any CPU
		{ED5DC266-2558-4530-AFDB-EFEBE89B2A31}.Debug|Any CPU.ActiveCfg = Debug|Any CPU
		{ED5DC266-2558-4530-AFDB-EFEBE89B2A31}.Debug|Any CPU.Build.0 = Debug|Any CPU
		{ED5DC266-2558-4530-AFDB-EFEBE89B2A31}.Design|Any CPU.ActiveCfg = Debug|Any CPU
		{ED5DC266-2558-4530-AFDB-EFEBE89B2A31}.Design|Any CPU.Build.0 = Debug|Any CPU
		{ED5DC266-2558-4530-AFDB-EFEBE89B2A31}.Release|Any CPU.ActiveCfg = Release|Any CPU
		{ED5DC266-2558-4530-AFDB-EFEBE89B2A31}.Release|Any CPU.Build.0 = Release|Any CPU
		{FFBE40D7-B475-4297-A037-01F99F05DF17}.Debug|Any CPU.ActiveCfg = Debug|Any CPU
		{FFBE40D7-B475-4297-A037-01F99F05DF17}.Debug|Any CPU.Build.0 = Debug|Any CPU
		{FFBE40D7-B475-4297-A037-01F99F05DF17}.Design|Any CPU.ActiveCfg = Debug|Any CPU
		{FFBE40D7-B475-4297-A037-01F99F05DF17}.Design|Any CPU.Build.0 = Debug|Any CPU
		{FFBE40D7-B475-4297-A037-01F99F05DF17}.Release|Any CPU.ActiveCfg = Release|Any CPU
		{FFBE40D7-B475-4297-A037-01F99F05DF17}.Release|Any CPU.Build.0 = Release|Any CPU
		{6D342FEC-9021-49CF-9F06-C03D7B1BD445}.Debug|Any CPU.ActiveCfg = Debug|Any CPU
		{6D342FEC-9021-49CF-9F06-C03D7B1BD445}.Debug|Any CPU.Build.0 = Debug|Any CPU
		{6D342FEC-9021-49CF-9F06-C03D7B1BD445}.Design|Any CPU.ActiveCfg = Debug|Any CPU
		{6D342FEC-9021-49CF-9F06-C03D7B1BD445}.Design|Any CPU.Build.0 = Debug|Any CPU
		{6D342FEC-9021-49CF-9F06-C03D7B1BD445}.Release|Any CPU.ActiveCfg = Release|Any CPU
		{6D342FEC-9021-49CF-9F06-C03D7B1BD445}.Release|Any CPU.Build.0 = Release|Any CPU
		{9D157E78-86FF-447A-B112-C28A02A5BCC5}.Debug|Any CPU.ActiveCfg = Debug|Any CPU
		{9D157E78-86FF-447A-B112-C28A02A5BCC5}.Debug|Any CPU.Build.0 = Debug|Any CPU
		{9D157E78-86FF-447A-B112-C28A02A5BCC5}.Design|Any CPU.ActiveCfg = Debug|Any CPU
		{9D157E78-86FF-447A-B112-C28A02A5BCC5}.Design|Any CPU.Build.0 = Debug|Any CPU
		{9D157E78-86FF-447A-B112-C28A02A5BCC5}.Release|Any CPU.ActiveCfg = Release|Any CPU
		{9D157E78-86FF-447A-B112-C28A02A5BCC5}.Release|Any CPU.Build.0 = Release|Any CPU
		{BBE46BA5-5703-49E5-ABCE-6B3D3A4D993C}.Debug|Any CPU.ActiveCfg = Debug|Any CPU
		{BBE46BA5-5703-49E5-ABCE-6B3D3A4D993C}.Debug|Any CPU.Build.0 = Debug|Any CPU
		{BBE46BA5-5703-49E5-ABCE-6B3D3A4D993C}.Design|Any CPU.ActiveCfg = Debug|Any CPU
		{BBE46BA5-5703-49E5-ABCE-6B3D3A4D993C}.Design|Any CPU.Build.0 = Debug|Any CPU
		{BBE46BA5-5703-49E5-ABCE-6B3D3A4D993C}.Release|Any CPU.ActiveCfg = Release|Any CPU
		{BBE46BA5-5703-49E5-ABCE-6B3D3A4D993C}.Release|Any CPU.Build.0 = Release|Any CPU
		{C66C9531-EAA2-4A87-BDC6-9CD5D0D90B4B}.Debug|Any CPU.ActiveCfg = Debug|Any CPU
		{C66C9531-EAA2-4A87-BDC6-9CD5D0D90B4B}.Debug|Any CPU.Build.0 = Debug|Any CPU
		{C66C9531-EAA2-4A87-BDC6-9CD5D0D90B4B}.Design|Any CPU.ActiveCfg = Debug|Any CPU
		{C66C9531-EAA2-4A87-BDC6-9CD5D0D90B4B}.Design|Any CPU.Build.0 = Debug|Any CPU
		{C66C9531-EAA2-4A87-BDC6-9CD5D0D90B4B}.Release|Any CPU.ActiveCfg = Release|Any CPU
		{C66C9531-EAA2-4A87-BDC6-9CD5D0D90B4B}.Release|Any CPU.Build.0 = Release|Any CPU
		{BCE985C3-8B51-49D3-97A3-EED04CD56B79}.Debug|Any CPU.ActiveCfg = Debug|Any CPU
		{BCE985C3-8B51-49D3-97A3-EED04CD56B79}.Debug|Any CPU.Build.0 = Debug|Any CPU
		{BCE985C3-8B51-49D3-97A3-EED04CD56B79}.Design|Any CPU.ActiveCfg = Debug|Any CPU
		{BCE985C3-8B51-49D3-97A3-EED04CD56B79}.Design|Any CPU.Build.0 = Debug|Any CPU
		{BCE985C3-8B51-49D3-97A3-EED04CD56B79}.Release|Any CPU.ActiveCfg = Release|Any CPU
		{BCE985C3-8B51-49D3-97A3-EED04CD56B79}.Release|Any CPU.Build.0 = Release|Any CPU
		{270D7E05-D00D-4C33-87F0-3ACD125BA835}.Debug|Any CPU.ActiveCfg = Debug|Any CPU
		{270D7E05-D00D-4C33-87F0-3ACD125BA835}.Debug|Any CPU.Build.0 = Debug|Any CPU
		{270D7E05-D00D-4C33-87F0-3ACD125BA835}.Design|Any CPU.ActiveCfg = Debug|Any CPU
		{270D7E05-D00D-4C33-87F0-3ACD125BA835}.Design|Any CPU.Build.0 = Debug|Any CPU
		{270D7E05-D00D-4C33-87F0-3ACD125BA835}.Release|Any CPU.ActiveCfg = Release|Any CPU
		{270D7E05-D00D-4C33-87F0-3ACD125BA835}.Release|Any CPU.Build.0 = Release|Any CPU
		{57DC3BCB-3E93-479D-925C-61370211684E}.Debug|Any CPU.ActiveCfg = Debug|Any CPU
		{57DC3BCB-3E93-479D-925C-61370211684E}.Debug|Any CPU.Build.0 = Debug|Any CPU
		{57DC3BCB-3E93-479D-925C-61370211684E}.Design|Any CPU.ActiveCfg = Debug|Any CPU
		{57DC3BCB-3E93-479D-925C-61370211684E}.Design|Any CPU.Build.0 = Debug|Any CPU
		{57DC3BCB-3E93-479D-925C-61370211684E}.Release|Any CPU.ActiveCfg = Release|Any CPU
		{57DC3BCB-3E93-479D-925C-61370211684E}.Release|Any CPU.Build.0 = Release|Any CPU
		{E75847D5-194B-4333-ABC9-C38913DE85CB}.Debug|Any CPU.ActiveCfg = Debug|Any CPU
		{E75847D5-194B-4333-ABC9-C38913DE85CB}.Debug|Any CPU.Build.0 = Debug|Any CPU
		{E75847D5-194B-4333-ABC9-C38913DE85CB}.Design|Any CPU.ActiveCfg = Debug|Any CPU
		{E75847D5-194B-4333-ABC9-C38913DE85CB}.Design|Any CPU.Build.0 = Debug|Any CPU
		{E75847D5-194B-4333-ABC9-C38913DE85CB}.Release|Any CPU.ActiveCfg = Release|Any CPU
		{E75847D5-194B-4333-ABC9-C38913DE85CB}.Release|Any CPU.Build.0 = Release|Any CPU
		{CB1FF454-21E4-40B2-BCB2-A2313B23AC18}.Debug|Any CPU.ActiveCfg = Debug|Any CPU
		{CB1FF454-21E4-40B2-BCB2-A2313B23AC18}.Debug|Any CPU.Build.0 = Debug|Any CPU
		{CB1FF454-21E4-40B2-BCB2-A2313B23AC18}.Design|Any CPU.ActiveCfg = Debug|Any CPU
		{CB1FF454-21E4-40B2-BCB2-A2313B23AC18}.Design|Any CPU.Build.0 = Debug|Any CPU
		{CB1FF454-21E4-40B2-BCB2-A2313B23AC18}.Release|Any CPU.ActiveCfg = Release|Any CPU
		{CB1FF454-21E4-40B2-BCB2-A2313B23AC18}.Release|Any CPU.Build.0 = Release|Any CPU
		{49105D39-8989-4261-821D-21433CD7DD7C}.Debug|Any CPU.ActiveCfg = Debug|Any CPU
		{49105D39-8989-4261-821D-21433CD7DD7C}.Debug|Any CPU.Build.0 = Debug|Any CPU
		{49105D39-8989-4261-821D-21433CD7DD7C}.Design|Any CPU.ActiveCfg = Debug|Any CPU
		{49105D39-8989-4261-821D-21433CD7DD7C}.Design|Any CPU.Build.0 = Debug|Any CPU
		{49105D39-8989-4261-821D-21433CD7DD7C}.Release|Any CPU.ActiveCfg = Release|Any CPU
		{49105D39-8989-4261-821D-21433CD7DD7C}.Release|Any CPU.Build.0 = Release|Any CPU
		{9EE4D4E5-07DC-4342-AA93-F9E36E141463}.Debug|Any CPU.ActiveCfg = Debug|Any CPU
		{9EE4D4E5-07DC-4342-AA93-F9E36E141463}.Debug|Any CPU.Build.0 = Debug|Any CPU
		{9EE4D4E5-07DC-4342-AA93-F9E36E141463}.Design|Any CPU.ActiveCfg = Debug|Any CPU
		{9EE4D4E5-07DC-4342-AA93-F9E36E141463}.Design|Any CPU.Build.0 = Debug|Any CPU
		{9EE4D4E5-07DC-4342-AA93-F9E36E141463}.Release|Any CPU.ActiveCfg = Release|Any CPU
		{9EE4D4E5-07DC-4342-AA93-F9E36E141463}.Release|Any CPU.Build.0 = Release|Any CPU
		{18703FC9-BF9D-4D8B-B749-6BDC4D88E7BB}.Debug|Any CPU.ActiveCfg = Debug|Any CPU
		{18703FC9-BF9D-4D8B-B749-6BDC4D88E7BB}.Debug|Any CPU.Build.0 = Debug|Any CPU
		{18703FC9-BF9D-4D8B-B749-6BDC4D88E7BB}.Design|Any CPU.ActiveCfg = Debug|Any CPU
		{18703FC9-BF9D-4D8B-B749-6BDC4D88E7BB}.Design|Any CPU.Build.0 = Debug|Any CPU
		{18703FC9-BF9D-4D8B-B749-6BDC4D88E7BB}.Release|Any CPU.ActiveCfg = Release|Any CPU
		{18703FC9-BF9D-4D8B-B749-6BDC4D88E7BB}.Release|Any CPU.Build.0 = Release|Any CPU
		{8DF1AFB7-0C07-44F9-AFF8-62F605459014}.Debug|Any CPU.ActiveCfg = Debug|Any CPU
		{8DF1AFB7-0C07-44F9-AFF8-62F605459014}.Debug|Any CPU.Build.0 = Debug|Any CPU
		{8DF1AFB7-0C07-44F9-AFF8-62F605459014}.Design|Any CPU.ActiveCfg = Debug|Any CPU
		{8DF1AFB7-0C07-44F9-AFF8-62F605459014}.Design|Any CPU.Build.0 = Debug|Any CPU
		{8DF1AFB7-0C07-44F9-AFF8-62F605459014}.Release|Any CPU.ActiveCfg = Release|Any CPU
		{8DF1AFB7-0C07-44F9-AFF8-62F605459014}.Release|Any CPU.Build.0 = Release|Any CPU
		{B41DA851-0117-4248-8D92-E52006E8B8C5}.Debug|Any CPU.ActiveCfg = Debug|Any CPU
		{B41DA851-0117-4248-8D92-E52006E8B8C5}.Debug|Any CPU.Build.0 = Debug|Any CPU
		{B41DA851-0117-4248-8D92-E52006E8B8C5}.Design|Any CPU.ActiveCfg = Debug|Any CPU
		{B41DA851-0117-4248-8D92-E52006E8B8C5}.Design|Any CPU.Build.0 = Debug|Any CPU
		{B41DA851-0117-4248-8D92-E52006E8B8C5}.Release|Any CPU.ActiveCfg = Release|Any CPU
		{B41DA851-0117-4248-8D92-E52006E8B8C5}.Release|Any CPU.Build.0 = Release|Any CPU
		{3DBF0A2C-5F86-46BA-9A6F-7441BBEC99D6}.Debug|Any CPU.ActiveCfg = Debug|Any CPU
		{3DBF0A2C-5F86-46BA-9A6F-7441BBEC99D6}.Debug|Any CPU.Build.0 = Debug|Any CPU
		{3DBF0A2C-5F86-46BA-9A6F-7441BBEC99D6}.Design|Any CPU.ActiveCfg = Debug|Any CPU
		{3DBF0A2C-5F86-46BA-9A6F-7441BBEC99D6}.Design|Any CPU.Build.0 = Debug|Any CPU
		{3DBF0A2C-5F86-46BA-9A6F-7441BBEC99D6}.Release|Any CPU.ActiveCfg = Release|Any CPU
		{3DBF0A2C-5F86-46BA-9A6F-7441BBEC99D6}.Release|Any CPU.Build.0 = Release|Any CPU
		{DFB60FD5-A863-47C0-8B2F-E221D9732F55}.Debug|Any CPU.ActiveCfg = Debug|Any CPU
		{DFB60FD5-A863-47C0-8B2F-E221D9732F55}.Debug|Any CPU.Build.0 = Debug|Any CPU
		{DFB60FD5-A863-47C0-8B2F-E221D9732F55}.Design|Any CPU.ActiveCfg = Debug|Any CPU
		{DFB60FD5-A863-47C0-8B2F-E221D9732F55}.Design|Any CPU.Build.0 = Debug|Any CPU
		{DFB60FD5-A863-47C0-8B2F-E221D9732F55}.Release|Any CPU.ActiveCfg = Release|Any CPU
		{DFB60FD5-A863-47C0-8B2F-E221D9732F55}.Release|Any CPU.Build.0 = Release|Any CPU
		{07F62B73-6527-4951-9B5E-A5AD99E197D4}.Debug|Any CPU.ActiveCfg = Debug|Any CPU
		{07F62B73-6527-4951-9B5E-A5AD99E197D4}.Debug|Any CPU.Build.0 = Debug|Any CPU
		{07F62B73-6527-4951-9B5E-A5AD99E197D4}.Design|Any CPU.ActiveCfg = Debug|Any CPU
		{07F62B73-6527-4951-9B5E-A5AD99E197D4}.Design|Any CPU.Build.0 = Debug|Any CPU
		{07F62B73-6527-4951-9B5E-A5AD99E197D4}.Release|Any CPU.ActiveCfg = Release|Any CPU
		{07F62B73-6527-4951-9B5E-A5AD99E197D4}.Release|Any CPU.Build.0 = Release|Any CPU
		{9B18AC7D-BF8F-45A3-904B-DE58D4AF99FC}.Debug|Any CPU.ActiveCfg = Debug|Any CPU
		{9B18AC7D-BF8F-45A3-904B-DE58D4AF99FC}.Debug|Any CPU.Build.0 = Debug|Any CPU
		{9B18AC7D-BF8F-45A3-904B-DE58D4AF99FC}.Design|Any CPU.ActiveCfg = Debug|Any CPU
		{9B18AC7D-BF8F-45A3-904B-DE58D4AF99FC}.Design|Any CPU.Build.0 = Debug|Any CPU
		{9B18AC7D-BF8F-45A3-904B-DE58D4AF99FC}.Release|Any CPU.ActiveCfg = Release|Any CPU
		{9B18AC7D-BF8F-45A3-904B-DE58D4AF99FC}.Release|Any CPU.Build.0 = Release|Any CPU
		{0858C710-AF53-4049-B98E-CFE3638D1228}.Debug|Any CPU.ActiveCfg = Debug|Any CPU
		{0858C710-AF53-4049-B98E-CFE3638D1228}.Debug|Any CPU.Build.0 = Debug|Any CPU
		{0858C710-AF53-4049-B98E-CFE3638D1228}.Design|Any CPU.ActiveCfg = Design|Any CPU
		{0858C710-AF53-4049-B98E-CFE3638D1228}.Design|Any CPU.Build.0 = Design|Any CPU
		{0858C710-AF53-4049-B98E-CFE3638D1228}.Release|Any CPU.ActiveCfg = Release|Any CPU
		{0858C710-AF53-4049-B98E-CFE3638D1228}.Release|Any CPU.Build.0 = Release|Any CPU
	EndGlobalSection
	GlobalSection(SolutionProperties) = preSolution
		HideSolutionNode = FALSE
	EndGlobalSection
	GlobalSection(NestedProjects) = preSolution
		{9D157E78-86FF-447A-B112-C28A02A5BCC5} = {45CCDB5F-A516-47B3-8FB7-CF452C143F83}
		{BBE46BA5-5703-49E5-ABCE-6B3D3A4D993C} = {45CCDB5F-A516-47B3-8FB7-CF452C143F83}
		{ED5DC266-2558-4530-AFDB-EFEBE89B2A31} = {2F2B73FB-0F4E-4BA9-BEA3-63276253C445}
		{CB1FF454-21E4-40B2-BCB2-A2313B23AC18} = {2F2B73FB-0F4E-4BA9-BEA3-63276253C445}
		{B41DA851-0117-4248-8D92-E52006E8B8C5} = {2F2B73FB-0F4E-4BA9-BEA3-63276253C445}
		{3DBF0A2C-5F86-46BA-9A6F-7441BBEC99D6} = {2F2B73FB-0F4E-4BA9-BEA3-63276253C445}
		{07F62B73-6527-4951-9B5E-A5AD99E197D4} = {2F2B73FB-0F4E-4BA9-BEA3-63276253C445}
		{9B18AC7D-BF8F-45A3-904B-DE58D4AF99FC} = {2F2B73FB-0F4E-4BA9-BEA3-63276253C445}
		{FFBE40D7-B475-4297-A037-01F99F05DF17} = {6E16B9C5-7974-439D-B0A4-FD5459D93C03}
		{E75847D5-194B-4333-ABC9-C38913DE85CB} = {6E16B9C5-7974-439D-B0A4-FD5459D93C03}
		{9EE4D4E5-07DC-4342-AA93-F9E36E141463} = {6E16B9C5-7974-439D-B0A4-FD5459D93C03}
		{8DF1AFB7-0C07-44F9-AFF8-62F605459014} = {389229A9-42DA-4D93-BCFE-60ACBB0A3CA7}
		{6D342FEC-9021-49CF-9F06-C03D7B1BD445} = {47008EAE-0C79-440A-9CBD-DA01C493C26A}
		{66F6C287-68F4-4540-9D2A-50B658CFEB53} = {482E17C0-2848-4BB6-96BC-0859ACF4AEBE}
		{0B3276DC-B415-488F-BD4C-DE6C351CAB55} = {482E17C0-2848-4BB6-96BC-0859ACF4AEBE}
		{5DB9EC02-2262-4234-8714-F0B85A23EF6E} = {482E17C0-2848-4BB6-96BC-0859ACF4AEBE}
		{C66C9531-EAA2-4A87-BDC6-9CD5D0D90B4B} = {EDF5C37E-659C-4041-B36E-442138CFADE1}
		{49105D39-8989-4261-821D-21433CD7DD7C} = {EDF5C37E-659C-4041-B36E-442138CFADE1}
		{18703FC9-BF9D-4D8B-B749-6BDC4D88E7BB} = {EDF5C37E-659C-4041-B36E-442138CFADE1}
		{BCE985C3-8B51-49D3-97A3-EED04CD56B79} = {024AB7BE-B215-4C48-AAAF-218D5F67639C}
		{270D7E05-D00D-4C33-87F0-3ACD125BA835} = {024AB7BE-B215-4C48-AAAF-218D5F67639C}
		{57DC3BCB-3E93-479D-925C-61370211684E} = {024AB7BE-B215-4C48-AAAF-218D5F67639C}
		{DFB60FD5-A863-47C0-8B2F-E221D9732F55} = {A95BF4B0-BB94-4679-98E3-8D8C8D1C0DA4}
	EndGlobalSection
EndGlobal
